
Microsoft Visual Studio Solution File, Format Version 12.00
# Visual Studio Version 17
VisualStudioVersion = 17.5.33530.505
MinimumVisualStudioVersion = 10.0.40219.1
Project("{9A19103F-16F7-4668-BE54-9A1E7A4F7556}") = "Katharsis.Http", "Katharsis.Http\Katharsis.Http.csproj", "{ABFE732C-C2C3-4361-AD0B-55CECD64131B}"
EndProject
Project("{9A19103F-16F7-4668-BE54-9A1E7A4F7556}") = "Katharsis.Console", "Katharsis.Console\Katharsis.Console.csproj", "{DC16DCCE-09A8-4EA2-9E05-A1B0B2B7A4EB}"
EndProject
Project("{FAE04EC0-301F-11D3-BF4B-00C04F79EFBC}") = "Katharsis.Http.UnitTests", "Katharsis.Http.UnitTest\Katharsis.Http.UnitTests.csproj", "{C9490074-1C88-4335-8676-96DD58525250}"
EndProject
Global
	GlobalSection(SolutionConfigurationPlatforms) = preSolution
		Debug|Any CPU = Debug|Any CPU
		Release|Any CPU = Release|Any CPU
	EndGlobalSection
	GlobalSection(ProjectConfigurationPlatforms) = postSolution
		{ABFE732C-C2C3-4361-AD0B-55CECD64131B}.Debug|Any CPU.ActiveCfg = Debug|Any CPU
		{ABFE732C-C2C3-4361-AD0B-55CECD64131B}.Debug|Any CPU.Build.0 = Debug|Any CPU
		{ABFE732C-C2C3-4361-AD0B-55CECD64131B}.Release|Any CPU.ActiveCfg = Release|Any CPU
		{ABFE732C-C2C3-4361-AD0B-55CECD64131B}.Release|Any CPU.Build.0 = Release|Any CPU
		{DC16DCCE-09A8-4EA2-9E05-A1B0B2B7A4EB}.Debug|Any CPU.ActiveCfg = Debug|Any CPU
		{DC16DCCE-09A8-4EA2-9E05-A1B0B2B7A4EB}.Debug|Any CPU.Build.0 = Debug|Any CPU
		{DC16DCCE-09A8-4EA2-9E05-A1B0B2B7A4EB}.Release|Any CPU.ActiveCfg = Release|Any CPU
		{DC16DCCE-09A8-4EA2-9E05-A1B0B2B7A4EB}.Release|Any CPU.Build.0 = Release|Any CPU
		{C9490074-1C88-4335-8676-96DD58525250}.Debug|Any CPU.ActiveCfg = Debug|Any CPU
		{C9490074-1C88-4335-8676-96DD58525250}.Debug|Any CPU.Build.0 = Debug|Any CPU
		{C9490074-1C88-4335-8676-96DD58525250}.Release|Any CPU.ActiveCfg = Release|Any CPU
		{C9490074-1C88-4335-8676-96DD58525250}.Release|Any CPU.Build.0 = Release|Any CPU
	EndGlobalSection
	GlobalSection(SolutionProperties) = preSolution
		HideSolutionNode = FALSE
	EndGlobalSection
	GlobalSection(ExtensibilityGlobals) = postSolution
		SolutionGuid = {9E42F8D4-3E7E-4337-8B27-531BAB36C02E}
	EndGlobalSection
EndGlobal
